// !$*UTF8*$!
{
	archiveVersion = 1;
	classes = {
	};
	objectVersion = 56;
	objects = {

/* Begin PBXBuildFile section */
		B072CC902C6A17ED00E9F271 /* PaletteManager.swift in Sources */ = {isa = PBXBuildFile; fileRef = B072CC8F2C6A17ED00E9F271 /* PaletteManager.swift */; };
		B0AA465D2C5CCF2F00D66CE4 /* Emoji_ArtApp.swift in Sources */ = {isa = PBXBuildFile; fileRef = B0AA465C2C5CCF2F00D66CE4 /* Emoji_ArtApp.swift */; };
		B0AA465F2C5CCF2F00D66CE4 /* ContentView.swift in Sources */ = {isa = PBXBuildFile; fileRef = B0AA465E2C5CCF2F00D66CE4 /* ContentView.swift */; };
		B0AA46612C5CCF3000D66CE4 /* Assets.xcassets in Resources */ = {isa = PBXBuildFile; fileRef = B0AA46602C5CCF3000D66CE4 /* Assets.xcassets */; };
		B0AA46642C5CCF3000D66CE4 /* Preview Assets.xcassets in Resources */ = {isa = PBXBuildFile; fileRef = B0AA46632C5CCF3000D66CE4 /* Preview Assets.xcassets */; };
		B0AA466E2C5CCF3000D66CE4 /* Emoji_ArtTests.swift in Sources */ = {isa = PBXBuildFile; fileRef = B0AA466D2C5CCF3000D66CE4 /* Emoji_ArtTests.swift */; };
		B0AA46782C5CCF3000D66CE4 /* Emoji_ArtUITests.swift in Sources */ = {isa = PBXBuildFile; fileRef = B0AA46772C5CCF3000D66CE4 /* Emoji_ArtUITests.swift */; };
		B0AA467A2C5CCF3000D66CE4 /* Emoji_ArtUITestsLaunchTests.swift in Sources */ = {isa = PBXBuildFile; fileRef = B0AA46792C5CCF3000D66CE4 /* Emoji_ArtUITestsLaunchTests.swift */; };
		B0AA46872C5CD40D00D66CE4 /* EmojiArt.swift in Sources */ = {isa = PBXBuildFile; fileRef = B0AA46862C5CD40D00D66CE4 /* EmojiArt.swift */; };
		B0AA46892C5CD50300D66CE4 /* EmojiArtDocument.swift in Sources */ = {isa = PBXBuildFile; fileRef = B0AA46882C5CD50300D66CE4 /* EmojiArtDocument.swift */; };
		B0AA468D2C5CD63500D66CE4 /* EmojiArtDocumentView.swift in Sources */ = {isa = PBXBuildFile; fileRef = B0AA468C2C5CD63500D66CE4 /* EmojiArtDocumentView.swift */; };
		B0AA46912C5CD97E00D66CE4 /* Extensions.swift in Sources */ = {isa = PBXBuildFile; fileRef = B0AA46902C5CD97E00D66CE4 /* Extensions.swift */; };
		B0AA46932C5CF74F00D66CE4 /* Sturldata.swift in Sources */ = {isa = PBXBuildFile; fileRef = B0AA46922C5CF74F00D66CE4 /* Sturldata.swift */; };
		B0AA46952C61291D00D66CE4 /* Palette.swift in Sources */ = {isa = PBXBuildFile; fileRef = B0AA46942C61291D00D66CE4 /* Palette.swift */; };
		B0AA46972C612C2E00D66CE4 /* PaletteStore.swift in Sources */ = {isa = PBXBuildFile; fileRef = B0AA46962C612C2E00D66CE4 /* PaletteStore.swift */; };
		B0AA46992C6195D600D66CE4 /* PaletteChooser.swift in Sources */ = {isa = PBXBuildFile; fileRef = B0AA46982C6195D600D66CE4 /* PaletteChooser.swift */; };
		B0AA469B2C6388EE00D66CE4 /* PaletteEditor.swift in Sources */ = {isa = PBXBuildFile; fileRef = B0AA469A2C6388EE00D66CE4 /* PaletteEditor.swift */; };
		B0AA469D2C63B67D00D66CE4 /* PaletteList.swift in Sources */ = {isa = PBXBuildFile; fileRef = B0AA469C2C63B67D00D66CE4 /* PaletteList.swift */; };
/* End PBXBuildFile section */

/* Begin PBXContainerItemProxy section */
		B0AA466A2C5CCF3000D66CE4 /* PBXContainerItemProxy */ = {
			isa = PBXContainerItemProxy;
			containerPortal = B0AA46512C5CCF2F00D66CE4 /* Project object */;
			proxyType = 1;
			remoteGlobalIDString = B0AA46582C5CCF2F00D66CE4;
			remoteInfo = "Emoji Art";
		};
		B0AA46742C5CCF3000D66CE4 /* PBXContainerItemProxy */ = {
			isa = PBXContainerItemProxy;
			containerPortal = B0AA46512C5CCF2F00D66CE4 /* Project object */;
			proxyType = 1;
			remoteGlobalIDString = B0AA46582C5CCF2F00D66CE4;
			remoteInfo = "Emoji Art";
		};
/* End PBXContainerItemProxy section */

/* Begin PBXFileReference section */
		B072CC8F2C6A17ED00E9F271 /* PaletteManager.swift */ = {isa = PBXFileReference; lastKnownFileType = sourcecode.swift; path = PaletteManager.swift; sourceTree = "<group>"; };
		B0AA46592C5CCF2F00D66CE4 /* Emoji Art.app */ = {isa = PBXFileReference; explicitFileType = wrapper.application; includeInIndex = 0; path = "Emoji Art.app"; sourceTree = BUILT_PRODUCTS_DIR; };
		B0AA465C2C5CCF2F00D66CE4 /* Emoji_ArtApp.swift */ = {isa = PBXFileReference; lastKnownFileType = sourcecode.swift; path = Emoji_ArtApp.swift; sourceTree = "<group>"; };
		B0AA465E2C5CCF2F00D66CE4 /* ContentView.swift */ = {isa = PBXFileReference; lastKnownFileType = sourcecode.swift; path = ContentView.swift; sourceTree = "<group>"; };
		B0AA46602C5CCF3000D66CE4 /* Assets.xcassets */ = {isa = PBXFileReference; lastKnownFileType = folder.assetcatalog; path = Assets.xcassets; sourceTree = "<group>"; };
		B0AA46632C5CCF3000D66CE4 /* Preview Assets.xcassets */ = {isa = PBXFileReference; lastKnownFileType = folder.assetcatalog; path = "Preview Assets.xcassets"; sourceTree = "<group>"; };
		B0AA46692C5CCF3000D66CE4 /* Emoji ArtTests.xctest */ = {isa = PBXFileReference; explicitFileType = wrapper.cfbundle; includeInIndex = 0; path = "Emoji ArtTests.xctest"; sourceTree = BUILT_PRODUCTS_DIR; };
		B0AA466D2C5CCF3000D66CE4 /* Emoji_ArtTests.swift */ = {isa = PBXFileReference; lastKnownFileType = sourcecode.swift; path = Emoji_ArtTests.swift; sourceTree = "<group>"; };
		B0AA46732C5CCF3000D66CE4 /* Emoji ArtUITests.xctest */ = {isa = PBXFileReference; explicitFileType = wrapper.cfbundle; includeInIndex = 0; path = "Emoji ArtUITests.xctest"; sourceTree = BUILT_PRODUCTS_DIR; };
		B0AA46772C5CCF3000D66CE4 /* Emoji_ArtUITests.swift */ = {isa = PBXFileReference; lastKnownFileType = sourcecode.swift; path = Emoji_ArtUITests.swift; sourceTree = "<group>"; };
		B0AA46792C5CCF3000D66CE4 /* Emoji_ArtUITestsLaunchTests.swift */ = {isa = PBXFileReference; lastKnownFileType = sourcecode.swift; path = Emoji_ArtUITestsLaunchTests.swift; sourceTree = "<group>"; };
		B0AA46862C5CD40D00D66CE4 /* EmojiArt.swift */ = {isa = PBXFileReference; lastKnownFileType = sourcecode.swift; path = EmojiArt.swift; sourceTree = "<group>"; };
		B0AA46882C5CD50300D66CE4 /* EmojiArtDocument.swift */ = {isa = PBXFileReference; lastKnownFileType = sourcecode.swift; path = EmojiArtDocument.swift; sourceTree = "<group>"; };
		B0AA468C2C5CD63500D66CE4 /* EmojiArtDocumentView.swift */ = {isa = PBXFileReference; lastKnownFileType = sourcecode.swift; name = EmojiArtDocumentView.swift; path = "Emoji Art/View/EmojiArtDocumentView.swift"; sourceTree = SOURCE_ROOT; };
		B0AA46902C5CD97E00D66CE4 /* Extensions.swift */ = {isa = PBXFileReference; lastKnownFileType = sourcecode.swift; path = Extensions.swift; sourceTree = "<group>"; };
		B0AA46922C5CF74F00D66CE4 /* Sturldata.swift */ = {isa = PBXFileReference; lastKnownFileType = sourcecode.swift; path = Sturldata.swift; sourceTree = "<group>"; };
		B0AA46942C61291D00D66CE4 /* Palette.swift */ = {isa = PBXFileReference; lastKnownFileType = sourcecode.swift; path = Palette.swift; sourceTree = "<group>"; };
		B0AA46962C612C2E00D66CE4 /* PaletteStore.swift */ = {isa = PBXFileReference; lastKnownFileType = sourcecode.swift; path = PaletteStore.swift; sourceTree = "<group>"; };
		B0AA46982C6195D600D66CE4 /* PaletteChooser.swift */ = {isa = PBXFileReference; lastKnownFileType = sourcecode.swift; path = PaletteChooser.swift; sourceTree = "<group>"; };
		B0AA469A2C6388EE00D66CE4 /* PaletteEditor.swift */ = {isa = PBXFileReference; lastKnownFileType = sourcecode.swift; path = PaletteEditor.swift; sourceTree = "<group>"; };
		B0AA469C2C63B67D00D66CE4 /* PaletteList.swift */ = {isa = PBXFileReference; lastKnownFileType = sourcecode.swift; path = PaletteList.swift; sourceTree = "<group>"; };
/* End PBXFileReference section */

/* Begin PBXFrameworksBuildPhase section */
		B0AA46562C5CCF2F00D66CE4 /* Frameworks */ = {
			isa = PBXFrameworksBuildPhase;
			buildActionMask = 2147483647;
			files = (
			);
			runOnlyForDeploymentPostprocessing = 0;
		};
		B0AA46662C5CCF3000D66CE4 /* Frameworks */ = {
			isa = PBXFrameworksBuildPhase;
			buildActionMask = 2147483647;
			files = (
			);
			runOnlyForDeploymentPostprocessing = 0;
		};
		B0AA46702C5CCF3000D66CE4 /* Frameworks */ = {
			isa = PBXFrameworksBuildPhase;
			buildActionMask = 2147483647;
			files = (
			);
			runOnlyForDeploymentPostprocessing = 0;
		};
/* End PBXFrameworksBuildPhase section */

/* Begin PBXGroup section */
		B0AA46502C5CCF2F00D66CE4 = {
			isa = PBXGroup;
			children = (
				B0AA465B2C5CCF2F00D66CE4 /* Emoji Art */,
				B0AA466C2C5CCF3000D66CE4 /* Emoji ArtTests */,
				B0AA46762C5CCF3000D66CE4 /* Emoji ArtUITests */,
				B0AA465A2C5CCF2F00D66CE4 /* Products */,
			);
			sourceTree = "<group>";
		};
		B0AA465A2C5CCF2F00D66CE4 /* Products */ = {
			isa = PBXGroup;
			children = (
				B0AA46592C5CCF2F00D66CE4 /* Emoji Art.app */,
				B0AA46692C5CCF3000D66CE4 /* Emoji ArtTests.xctest */,
				B0AA46732C5CCF3000D66CE4 /* Emoji ArtUITests.xctest */,
			);
			name = Products;
			sourceTree = "<group>";
		};
		B0AA465B2C5CCF2F00D66CE4 /* Emoji Art */ = {
			isa = PBXGroup;
			children = (
				B0AA468B2C5CD51E00D66CE4 /* Model */,
				B0AA468A2C5CD51300D66CE4 /* ViewModel */,
				B0AA468F2C5CD6EC00D66CE4 /* View */,
				B0AA465E2C5CCF2F00D66CE4 /* ContentView.swift */,
				B0AA465C2C5CCF2F00D66CE4 /* Emoji_ArtApp.swift */,
				B0AA46902C5CD97E00D66CE4 /* Extensions.swift */,
				B0AA46602C5CCF3000D66CE4 /* Assets.xcassets */,
				B0AA46622C5CCF3000D66CE4 /* Preview Content */,
				B0AA46922C5CF74F00D66CE4 /* Sturldata.swift */,
			);
			path = "Emoji Art";
			sourceTree = "<group>";
		};
		B0AA46622C5CCF3000D66CE4 /* Preview Content */ = {
			isa = PBXGroup;
			children = (
				B0AA46632C5CCF3000D66CE4 /* Preview Assets.xcassets */,
			);
			path = "Preview Content";
			sourceTree = "<group>";
		};
		B0AA466C2C5CCF3000D66CE4 /* Emoji ArtTests */ = {
			isa = PBXGroup;
			children = (
				B0AA466D2C5CCF3000D66CE4 /* Emoji_ArtTests.swift */,
			);
			path = "Emoji ArtTests";
			sourceTree = "<group>";
		};
		B0AA46762C5CCF3000D66CE4 /* Emoji ArtUITests */ = {
			isa = PBXGroup;
			children = (
				B0AA46772C5CCF3000D66CE4 /* Emoji_ArtUITests.swift */,
				B0AA46792C5CCF3000D66CE4 /* Emoji_ArtUITestsLaunchTests.swift */,
			);
			path = "Emoji ArtUITests";
			sourceTree = "<group>";
		};
		B0AA468A2C5CD51300D66CE4 /* ViewModel */ = {
			isa = PBXGroup;
			children = (
				B0AA46962C612C2E00D66CE4 /* PaletteStore.swift */,
				B0AA46882C5CD50300D66CE4 /* EmojiArtDocument.swift */,
			);
			path = ViewModel;
			sourceTree = "<group>";
		};
		B0AA468B2C5CD51E00D66CE4 /* Model */ = {
			isa = PBXGroup;
			children = (
				B0AA46942C61291D00D66CE4 /* Palette.swift */,
				B0AA46862C5CD40D00D66CE4 /* EmojiArt.swift */,
			);
			path = Model;
			sourceTree = "<group>";
		};
		B0AA468F2C5CD6EC00D66CE4 /* View */ = {
			isa = PBXGroup;
			children = (
				B072CC8F2C6A17ED00E9F271 /* PaletteManager.swift */,
				B0AA468C2C5CD63500D66CE4 /* EmojiArtDocumentView.swift */,
				B0AA46982C6195D600D66CE4 /* PaletteChooser.swift */,
				B0AA469A2C6388EE00D66CE4 /* PaletteEditor.swift */,
				B0AA469C2C63B67D00D66CE4 /* PaletteList.swift */,
			);
			path = View;
			sourceTree = "<group>";
		};
/* End PBXGroup section */

/* Begin PBXNativeTarget section */
		B0AA46582C5CCF2F00D66CE4 /* Emoji Art */ = {
			isa = PBXNativeTarget;
			buildConfigurationList = B0AA467D2C5CCF3000D66CE4 /* Build configuration list for PBXNativeTarget "Emoji Art" */;
			buildPhases = (
				B0AA46552C5CCF2F00D66CE4 /* Sources */,
				B0AA46562C5CCF2F00D66CE4 /* Frameworks */,
				B0AA46572C5CCF2F00D66CE4 /* Resources */,
			);
			buildRules = (
			);
			dependencies = (
			);
			name = "Emoji Art";
			productName = "Emoji Art";
			productReference = B0AA46592C5CCF2F00D66CE4 /* Emoji Art.app */;
			productType = "com.apple.product-type.application";
		};
		B0AA46682C5CCF3000D66CE4 /* Emoji ArtTests */ = {
			isa = PBXNativeTarget;
			buildConfigurationList = B0AA46802C5CCF3000D66CE4 /* Build configuration list for PBXNativeTarget "Emoji ArtTests" */;
			buildPhases = (
				B0AA46652C5CCF3000D66CE4 /* Sources */,
				B0AA46662C5CCF3000D66CE4 /* Frameworks */,
				B0AA46672C5CCF3000D66CE4 /* Resources */,
			);
			buildRules = (
			);
			dependencies = (
				B0AA466B2C5CCF3000D66CE4 /* PBXTargetDependency */,
			);
			name = "Emoji ArtTests";
			productName = "Emoji ArtTests";
			productReference = B0AA46692C5CCF3000D66CE4 /* Emoji ArtTests.xctest */;
			productType = "com.apple.product-type.bundle.unit-test";
		};
		B0AA46722C5CCF3000D66CE4 /* Emoji ArtUITests */ = {
			isa = PBXNativeTarget;
			buildConfigurationList = B0AA46832C5CCF3000D66CE4 /* Build configuration list for PBXNativeTarget "Emoji ArtUITests" */;
			buildPhases = (
				B0AA466F2C5CCF3000D66CE4 /* Sources */,
				B0AA46702C5CCF3000D66CE4 /* Frameworks */,
				B0AA46712C5CCF3000D66CE4 /* Resources */,
			);
			buildRules = (
			);
			dependencies = (
				B0AA46752C5CCF3000D66CE4 /* PBXTargetDependency */,
			);
			name = "Emoji ArtUITests";
			productName = "Emoji ArtUITests";
			productReference = B0AA46732C5CCF3000D66CE4 /* Emoji ArtUITests.xctest */;
			productType = "com.apple.product-type.bundle.ui-testing";
		};
/* End PBXNativeTarget section */

/* Begin PBXProject section */
		B0AA46512C5CCF2F00D66CE4 /* Project object */ = {
			isa = PBXProject;
			attributes = {
				BuildIndependentTargetsInParallel = 1;
				LastSwiftUpdateCheck = 1540;
				LastUpgradeCheck = 1540;
				TargetAttributes = {
					B0AA46582C5CCF2F00D66CE4 = {
						CreatedOnToolsVersion = 15.4;
					};
					B0AA46682C5CCF3000D66CE4 = {
						CreatedOnToolsVersion = 15.4;
						TestTargetID = B0AA46582C5CCF2F00D66CE4;
					};
					B0AA46722C5CCF3000D66CE4 = {
						CreatedOnToolsVersion = 15.4;
						TestTargetID = B0AA46582C5CCF2F00D66CE4;
					};
				};
			};
			buildConfigurationList = B0AA46542C5CCF2F00D66CE4 /* Build configuration list for PBXProject "Emoji Art" */;
			compatibilityVersion = "Xcode 14.0";
			developmentRegion = en;
			hasScannedForEncodings = 0;
			knownRegions = (
				en,
				Base,
			);
			mainGroup = B0AA46502C5CCF2F00D66CE4;
			productRefGroup = B0AA465A2C5CCF2F00D66CE4 /* Products */;
			projectDirPath = "";
			projectRoot = "";
			targets = (
				B0AA46582C5CCF2F00D66CE4 /* Emoji Art */,
				B0AA46682C5CCF3000D66CE4 /* Emoji ArtTests */,
				B0AA46722C5CCF3000D66CE4 /* Emoji ArtUITests */,
			);
		};
/* End PBXProject section */

/* Begin PBXResourcesBuildPhase section */
		B0AA46572C5CCF2F00D66CE4 /* Resources */ = {
			isa = PBXResourcesBuildPhase;
			buildActionMask = 2147483647;
			files = (
				B0AA46642C5CCF3000D66CE4 /* Preview Assets.xcassets in Resources */,
				B0AA46612C5CCF3000D66CE4 /* Assets.xcassets in Resources */,
			);
			runOnlyForDeploymentPostprocessing = 0;
		};
		B0AA46672C5CCF3000D66CE4 /* Resources */ = {
			isa = PBXResourcesBuildPhase;
			buildActionMask = 2147483647;
			files = (
			);
			runOnlyForDeploymentPostprocessing = 0;
		};
		B0AA46712C5CCF3000D66CE4 /* Resources */ = {
			isa = PBXResourcesBuildPhase;
			buildActionMask = 2147483647;
			files = (
			);
			runOnlyForDeploymentPostprocessing = 0;
		};
/* End PBXResourcesBuildPhase section */

/* Begin PBXSourcesBuildPhase section */
		B0AA46552C5CCF2F00D66CE4 /* Sources */ = {
			isa = PBXSourcesBuildPhase;
			buildActionMask = 2147483647;
			files = (
				B072CC902C6A17ED00E9F271 /* PaletteManager.swift in Sources */,
				B0AA46932C5CF74F00D66CE4 /* Sturldata.swift in Sources */,
				B0AA468D2C5CD63500D66CE4 /* EmojiArtDocumentView.swift in Sources */,
				B0AA46912C5CD97E00D66CE4 /* Extensions.swift in Sources */,
				B0AA469D2C63B67D00D66CE4 /* PaletteList.swift in Sources */,
				B0AA46872C5CD40D00D66CE4 /* EmojiArt.swift in Sources */,
				B0AA46972C612C2E00D66CE4 /* PaletteStore.swift in Sources */,
				B0AA465F2C5CCF2F00D66CE4 /* ContentView.swift in Sources */,
				B0AA469B2C6388EE00D66CE4 /* PaletteEditor.swift in Sources */,
				B0AA465D2C5CCF2F00D66CE4 /* Emoji_ArtApp.swift in Sources */,
				B0AA46892C5CD50300D66CE4 /* EmojiArtDocument.swift in Sources */,
				B0AA46952C61291D00D66CE4 /* Palette.swift in Sources */,
				B0AA46992C6195D600D66CE4 /* PaletteChooser.swift in Sources */,
			);
			runOnlyForDeploymentPostprocessing = 0;
		};
		B0AA46652C5CCF3000D66CE4 /* Sources */ = {
			isa = PBXSourcesBuildPhase;
			buildActionMask = 2147483647;
			files = (
				B0AA466E2C5CCF3000D66CE4 /* Emoji_ArtTests.swift in Sources */,
			);
			runOnlyForDeploymentPostprocessing = 0;
		};
		B0AA466F2C5CCF3000D66CE4 /* Sources */ = {
			isa = PBXSourcesBuildPhase;
			buildActionMask = 2147483647;
			files = (
				B0AA46782C5CCF3000D66CE4 /* Emoji_ArtUITests.swift in Sources */,
				B0AA467A2C5CCF3000D66CE4 /* Emoji_ArtUITestsLaunchTests.swift in Sources */,
			);
			runOnlyForDeploymentPostprocessing = 0;
		};
/* End PBXSourcesBuildPhase section */

/* Begin PBXTargetDependency section */
		B0AA466B2C5CCF3000D66CE4 /* PBXTargetDependency */ = {
			isa = PBXTargetDependency;
			target = B0AA46582C5CCF2F00D66CE4 /* Emoji Art */;
			targetProxy = B0AA466A2C5CCF3000D66CE4 /* PBXContainerItemProxy */;
		};
		B0AA46752C5CCF3000D66CE4 /* PBXTargetDependency */ = {
			isa = PBXTargetDependency;
			target = B0AA46582C5CCF2F00D66CE4 /* Emoji Art */;
			targetProxy = B0AA46742C5CCF3000D66CE4 /* PBXContainerItemProxy */;
		};
/* End PBXTargetDependency section */

/* Begin XCBuildConfiguration section */
		B0AA467B2C5CCF3000D66CE4 /* Debug */ = {
			isa = XCBuildConfiguration;
			buildSettings = {
				ALWAYS_SEARCH_USER_PATHS = NO;
				ASSETCATALOG_COMPILER_GENERATE_SWIFT_ASSET_SYMBOL_EXTENSIONS = YES;
				CLANG_ANALYZER_NONNULL = YES;
				CLANG_ANALYZER_NUMBER_OBJECT_CONVERSION = YES_AGGRESSIVE;
				CLANG_CXX_LANGUAGE_STANDARD = "gnu++20";
				CLANG_ENABLE_MODULES = YES;
				CLANG_ENABLE_OBJC_ARC = YES;
				CLANG_ENABLE_OBJC_WEAK = YES;
				CLANG_WARN_BLOCK_CAPTURE_AUTORELEASING = YES;
				CLANG_WARN_BOOL_CONVERSION = YES;
				CLANG_WARN_COMMA = YES;
				CLANG_WARN_CONSTANT_CONVERSION = YES;
				CLANG_WARN_DEPRECATED_OBJC_IMPLEMENTATIONS = YES;
				CLANG_WARN_DIRECT_OBJC_ISA_USAGE = YES_ERROR;
				CLANG_WARN_DOCUMENTATION_COMMENTS = YES;
				CLANG_WARN_EMPTY_BODY = YES;
				CLANG_WARN_ENUM_CONVERSION = YES;
				CLANG_WARN_INFINITE_RECURSION = YES;
				CLANG_WARN_INT_CONVERSION = YES;
				CLANG_WARN_NON_LITERAL_NULL_CONVERSION = YES;
				CLANG_WARN_OBJC_IMPLICIT_RETAIN_SELF = YES;
				CLANG_WARN_OBJC_LITERAL_CONVERSION = YES;
				CLANG_WARN_OBJC_ROOT_CLASS = YES_ERROR;
				CLANG_WARN_QUOTED_INCLUDE_IN_FRAMEWORK_HEADER = YES;
				CLANG_WARN_RANGE_LOOP_ANALYSIS = YES;
				CLANG_WARN_STRICT_PROTOTYPES = YES;
				CLANG_WARN_SUSPICIOUS_MOVE = YES;
				CLANG_WARN_UNGUARDED_AVAILABILITY = YES_AGGRESSIVE;
				CLANG_WARN_UNREACHABLE_CODE = YES;
				CLANG_WARN__DUPLICATE_METHOD_MATCH = YES;
				COPY_PHASE_STRIP = NO;
				DEBUG_INFORMATION_FORMAT = dwarf;
				ENABLE_STRICT_OBJC_MSGSEND = YES;
				ENABLE_TESTABILITY = YES;
				ENABLE_USER_SCRIPT_SANDBOXING = YES;
				GCC_C_LANGUAGE_STANDARD = gnu17;
				GCC_DYNAMIC_NO_PIC = NO;
				GCC_NO_COMMON_BLOCKS = YES;
				GCC_OPTIMIZATION_LEVEL = 0;
				GCC_PREPROCESSOR_DEFINITIONS = (
					"DEBUG=1",
					"$(inherited)",
				);
				GCC_WARN_64_TO_32_BIT_CONVERSION = YES;
				GCC_WARN_ABOUT_RETURN_TYPE = YES_ERROR;
				GCC_WARN_UNDECLARED_SELECTOR = YES;
				GCC_WARN_UNINITIALIZED_AUTOS = YES_AGGRESSIVE;
				GCC_WARN_UNUSED_FUNCTION = YES;
				GCC_WARN_UNUSED_VARIABLE = YES;
				IPHONEOS_DEPLOYMENT_TARGET = 17.5;
				LOCALIZATION_PREFERS_STRING_CATALOGS = YES;
				MTL_ENABLE_DEBUG_INFO = INCLUDE_SOURCE;
				MTL_FAST_MATH = YES;
				ONLY_ACTIVE_ARCH = YES;
				SDKROOT = iphoneos;
				SWIFT_ACTIVE_COMPILATION_CONDITIONS = "DEBUG $(inherited)";
				SWIFT_OPTIMIZATION_LEVEL = "-Onone";
			};
			name = Debug;
		};
		B0AA467C2C5CCF3000D66CE4 /* Release */ = {
			isa = XCBuildConfiguration;
			buildSettings = {
				ALWAYS_SEARCH_USER_PATHS = NO;
				ASSETCATALOG_COMPILER_GENERATE_SWIFT_ASSET_SYMBOL_EXTENSIONS = YES;
				CLANG_ANALYZER_NONNULL = YES;
				CLANG_ANALYZER_NUMBER_OBJECT_CONVERSION = YES_AGGRESSIVE;
				CLANG_CXX_LANGUAGE_STANDARD = "gnu++20";
				CLANG_ENABLE_MODULES = YES;
				CLANG_ENABLE_OBJC_ARC = YES;
				CLANG_ENABLE_OBJC_WEAK = YES;
				CLANG_WARN_BLOCK_CAPTURE_AUTORELEASING = YES;
				CLANG_WARN_BOOL_CONVERSION = YES;
				CLANG_WARN_COMMA = YES;
				CLANG_WARN_CONSTANT_CONVERSION = YES;
				CLANG_WARN_DEPRECATED_OBJC_IMPLEMENTATIONS = YES;
				CLANG_WARN_DIRECT_OBJC_ISA_USAGE = YES_ERROR;
				CLANG_WARN_DOCUMENTATION_COMMENTS = YES;
				CLANG_WARN_EMPTY_BODY = YES;
				CLANG_WARN_ENUM_CONVERSION = YES;
				CLANG_WARN_INFINITE_RECURSION = YES;
				CLANG_WARN_INT_CONVERSION = YES;
				CLANG_WARN_NON_LITERAL_NULL_CONVERSION = YES;
				CLANG_WARN_OBJC_IMPLICIT_RETAIN_SELF = YES;
				CLANG_WARN_OBJC_LITERAL_CONVERSION = YES;
				CLANG_WARN_OBJC_ROOT_CLASS = YES_ERROR;
				CLANG_WARN_QUOTED_INCLUDE_IN_FRAMEWORK_HEADER = YES;
				CLANG_WARN_RANGE_LOOP_ANALYSIS = YES;
				CLANG_WARN_STRICT_PROTOTYPES = YES;
				CLANG_WARN_SUSPICIOUS_MOVE = YES;
				CLANG_WARN_UNGUARDED_AVAILABILITY = YES_AGGRESSIVE;
				CLANG_WARN_UNREACHABLE_CODE = YES;
				CLANG_WARN__DUPLICATE_METHOD_MATCH = YES;
				COPY_PHASE_STRIP = NO;
				DEBUG_INFORMATION_FORMAT = "dwarf-with-dsym";
				ENABLE_NS_ASSERTIONS = NO;
				ENABLE_STRICT_OBJC_MSGSEND = YES;
				ENABLE_USER_SCRIPT_SANDBOXING = YES;
				GCC_C_LANGUAGE_STANDARD = gnu17;
				GCC_NO_COMMON_BLOCKS = YES;
				GCC_WARN_64_TO_32_BIT_CONVERSION = YES;
				GCC_WARN_ABOUT_RETURN_TYPE = YES_ERROR;
				GCC_WARN_UNDECLARED_SELECTOR = YES;
				GCC_WARN_UNINITIALIZED_AUTOS = YES_AGGRESSIVE;
				GCC_WARN_UNUSED_FUNCTION = YES;
				GCC_WARN_UNUSED_VARIABLE = YES;
				IPHONEOS_DEPLOYMENT_TARGET = 17.5;
				LOCALIZATION_PREFERS_STRING_CATALOGS = YES;
				MTL_ENABLE_DEBUG_INFO = NO;
				MTL_FAST_MATH = YES;
				SDKROOT = iphoneos;
				SWIFT_COMPILATION_MODE = wholemodule;
				VALIDATE_PRODUCT = YES;
			};
			name = Release;
		};
		B0AA467E2C5CCF3000D66CE4 /* Debug */ = {
			isa = XCBuildConfiguration;
			buildSettings = {
				ASSETCATALOG_COMPILER_APPICON_NAME = AppIcon;
				ASSETCATALOG_COMPILER_GLOBAL_ACCENT_COLOR_NAME = AccentColor;
				CODE_SIGN_STYLE = Automatic;
				CURRENT_PROJECT_VERSION = 1;
				DEVELOPMENT_ASSET_PATHS = "\"Emoji Art/Preview Content\"";
				DEVELOPMENT_TEAM = 9N3YH5DLHZ;
				ENABLE_PREVIEWS = YES;
				GENERATE_INFOPLIST_FILE = YES;
				INFOPLIST_KEY_UIApplicationSceneManifest_Generation = YES;
				INFOPLIST_KEY_UIApplicationSupportsIndirectInputEvents = YES;
				INFOPLIST_KEY_UILaunchScreen_Generation = YES;
				INFOPLIST_KEY_UISupportedInterfaceOrientations_iPad = "UIInterfaceOrientationPortrait UIInterfaceOrientationPortraitUpsideDown UIInterfaceOrientationLandscapeLeft UIInterfaceOrientationLandscapeRight";
				INFOPLIST_KEY_UISupportedInterfaceOrientations_iPhone = "UIInterfaceOrientationPortrait UIInterfaceOrientationLandscapeLeft UIInterfaceOrientationLandscapeRight";
				LD_RUNPATH_SEARCH_PATHS = (
					"$(inherited)",
					"@executable_path/Frameworks",
				);
				MARKETING_VERSION = 1.0;
				PRODUCT_BUNDLE_IDENTIFIER = "mousquetaire-softwares.Emoji-Art";
				PRODUCT_NAME = "$(TARGET_NAME)";
				SWIFT_EMIT_LOC_STRINGS = YES;
				SWIFT_VERSION = 5.0;
				TARGETED_DEVICE_FAMILY = "1,2";
			};
			name = Debug;
		};
		B0AA467F2C5CCF3000D66CE4 /* Release */ = {
			isa = XCBuildConfiguration;
			buildSettings = {
				ASSETCATALOG_COMPILER_APPICON_NAME = AppIcon;
				ASSETCATALOG_COMPILER_GLOBAL_ACCENT_COLOR_NAME = AccentColor;
				CODE_SIGN_STYLE = Automatic;
				CURRENT_PROJECT_VERSION = 1;
				DEVELOPMENT_ASSET_PATHS = "\"Emoji Art/Preview Content\"";
				DEVELOPMENT_TEAM = 9N3YH5DLHZ;
				ENABLE_PREVIEWS = YES;
				GENERATE_INFOPLIST_FILE = YES;
				INFOPLIST_KEY_UIApplicationSceneManifest_Generation = YES;
				INFOPLIST_KEY_UIApplicationSupportsIndirectInputEvents = YES;
				INFOPLIST_KEY_UILaunchScreen_Generation = YES;
				INFOPLIST_KEY_UISupportedInterfaceOrientations_iPad = "UIInterfaceOrientationPortrait UIInterfaceOrientationPortraitUpsideDown UIInterfaceOrientationLandscapeLeft UIInterfaceOrientationLandscapeRight";
				INFOPLIST_KEY_UISupportedInterfaceOrientations_iPhone = "UIInterfaceOrientationPortrait UIInterfaceOrientationLandscapeLeft UIInterfaceOrientationLandscapeRight";
				LD_RUNPATH_SEARCH_PATHS = (
					"$(inherited)",
					"@executable_path/Frameworks",
				);
				MARKETING_VERSION = 1.0;
				PRODUCT_BUNDLE_IDENTIFIER = "mousquetaire-softwares.Emoji-Art";
				PRODUCT_NAME = "$(TARGET_NAME)";
				SWIFT_EMIT_LOC_STRINGS = YES;
				SWIFT_VERSION = 5.0;
				TARGETED_DEVICE_FAMILY = "1,2";
			};
			name = Release;
		};
		B0AA46812C5CCF3000D66CE4 /* Debug */ = {
			isa = XCBuildConfiguration;
			buildSettings = {
				ALWAYS_EMBED_SWIFT_STANDARD_LIBRARIES = YES;
				BUNDLE_LOADER = "$(TEST_HOST)";
				CODE_SIGN_STYLE = Automatic;
				CURRENT_PROJECT_VERSION = 1;
				DEVELOPMENT_TEAM = 9N3YH5DLHZ;
				GENERATE_INFOPLIST_FILE = YES;
				IPHONEOS_DEPLOYMENT_TARGET = 17.5;
				MARKETING_VERSION = 1.0;
				PRODUCT_BUNDLE_IDENTIFIER = "mousquetaire-softwares.Emoji-ArtTests";
				PRODUCT_NAME = "$(TARGET_NAME)";
				SWIFT_EMIT_LOC_STRINGS = NO;
				SWIFT_VERSION = 5.0;
				TARGETED_DEVICE_FAMILY = "1,2";
				TEST_HOST = "$(BUILT_PRODUCTS_DIR)/Emoji Art.app/$(BUNDLE_EXECUTABLE_FOLDER_PATH)/Emoji Art";
			};
			name = Debug;
		};
		B0AA46822C5CCF3000D66CE4 /* Release */ = {
			isa = XCBuildConfiguration;
			buildSettings = {
				ALWAYS_EMBED_SWIFT_STANDARD_LIBRARIES = YES;
				BUNDLE_LOADER = "$(TEST_HOST)";
				CODE_SIGN_STYLE = Automatic;
				CURRENT_PROJECT_VERSION = 1;
				DEVELOPMENT_TEAM = 9N3YH5DLHZ;
				GENERATE_INFOPLIST_FILE = YES;
				IPHONEOS_DEPLOYMENT_TARGET = 17.5;
				MARKETING_VERSION = 1.0;
				PRODUCT_BUNDLE_IDENTIFIER = "mousquetaire-softwares.Emoji-ArtTests";
				PRODUCT_NAME = "$(TARGET_NAME)";
				SWIFT_EMIT_LOC_STRINGS = NO;
				SWIFT_VERSION = 5.0;
				TARGETED_DEVICE_FAMILY = "1,2";
				TEST_HOST = "$(BUILT_PRODUCTS_DIR)/Emoji Art.app/$(BUNDLE_EXECUTABLE_FOLDER_PATH)/Emoji Art";
			};
			name = Release;
		};
		B0AA46842C5CCF3000D66CE4 /* Debug */ = {
			isa = XCBuildConfiguration;
			buildSettings = {
				ALWAYS_EMBED_SWIFT_STANDARD_LIBRARIES = YES;
				CODE_SIGN_STYLE = Automatic;
				CURRENT_PROJECT_VERSION = 1;
				DEVELOPMENT_TEAM = 9N3YH5DLHZ;
				GENERATE_INFOPLIST_FILE = YES;
				MARKETING_VERSION = 1.0;
				PRODUCT_BUNDLE_IDENTIFIER = "mousquetaire-softwares.Emoji-ArtUITests";
				PRODUCT_NAME = "$(TARGET_NAME)";
				SWIFT_EMIT_LOC_STRINGS = NO;
				SWIFT_VERSION = 5.0;
				TARGETED_DEVICE_FAMILY = "1,2";
				TEST_TARGET_NAME = "Emoji Art";
			};
			name = Debug;
		};
		B0AA46852C5CCF3000D66CE4 /* Release */ = {
			isa = XCBuildConfiguration;
			buildSettings = {
				ALWAYS_EMBED_SWIFT_STANDARD_LIBRARIES = YES;
				CODE_SIGN_STYLE = Automatic;
				CURRENT_PROJECT_VERSION = 1;
				DEVELOPMENT_TEAM = 9N3YH5DLHZ;
				GENERATE_INFOPLIST_FILE = YES;
				MARKETING_VERSION = 1.0;
				PRODUCT_BUNDLE_IDENTIFIER = "mousquetaire-softwares.Emoji-ArtUITests";
				PRODUCT_NAME = "$(TARGET_NAME)";
				SWIFT_EMIT_LOC_STRINGS = NO;
				SWIFT_VERSION = 5.0;
				TARGETED_DEVICE_FAMILY = "1,2";
				TEST_TARGET_NAME = "Emoji Art";
			};
			name = Release;
		};
/* End XCBuildConfiguration section */

/* Begin XCConfigurationList section */
		B0AA46542C5CCF2F00D66CE4 /* Build configuration list for PBXProject "Emoji Art" */ = {
			isa = XCConfigurationList;
			buildConfigurations = (
				B0AA467B2C5CCF3000D66CE4 /* Debug */,
				B0AA467C2C5CCF3000D66CE4 /* Release */,
			);
			defaultConfigurationIsVisible = 0;
			defaultConfigurationName = Release;
		};
		B0AA467D2C5CCF3000D66CE4 /* Build configuration list for PBXNativeTarget "Emoji Art" */ = {
			isa = XCConfigurationList;
			buildConfigurations = (
				B0AA467E2C5CCF3000D66CE4 /* Debug */,
				B0AA467F2C5CCF3000D66CE4 /* Release */,
			);
			defaultConfigurationIsVisible = 0;
			defaultConfigurationName = Release;
		};
		B0AA46802C5CCF3000D66CE4 /* Build configuration list for PBXNativeTarget "Emoji ArtTests" */ = {
			isa = XCConfigurationList;
			buildConfigurations = (
				B0AA46812C5CCF3000D66CE4 /* Debug */,
				B0AA46822C5CCF3000D66CE4 /* Release */,
			);
			defaultConfigurationIsVisible = 0;
			defaultConfigurationName = Release;
		};
		B0AA46832C5CCF3000D66CE4 /* Build configuration list for PBXNativeTarget "Emoji ArtUITests" */ = {
			isa = XCConfigurationList;
			buildConfigurations = (
				B0AA46842C5CCF3000D66CE4 /* Debug */,
				B0AA46852C5CCF3000D66CE4 /* Release */,
			);
			defaultConfigurationIsVisible = 0;
			defaultConfigurationName = Release;
		};
/* End XCConfigurationList section */
	};
	rootObject = B0AA46512C5CCF2F00D66CE4 /* Project object */;
}
